{
  "requires": true,
  "lockfileVersion": 1,
  "dependencies": {
    "cross-fetch": {
      "version": "2.2.3",
      "resolved": "https://registry.npmjs.org/cross-fetch/-/cross-fetch-2.2.3.tgz",
      "integrity": "sha512-PrWWNH3yL2NYIb/7WF/5vFG3DCQiXDOVf8k3ijatbrtnwNuhMWLC7YF7uqf53tbTFDzHIUD8oITw4Bxt8ST3Nw==",
      "dev": true,
      "requires": {
        "node-fetch": "2.1.2",
        "whatwg-fetch": "2.0.4"
      }
    },
    "jest-fetch-mock": {
      "version": "1.7.4",
      "resolved": "https://registry.npmjs.org/jest-fetch-mock/-/jest-fetch-mock-1.7.4.tgz",
      "integrity": "sha512-uwwwT0tVQGWytJzg/Nw6sFUMuTx7H9bmkp37Su39LjnPb1zd+AAXmYWEhuXESs6S74g98yZafDqyo6wBkObb2g==",
      "dev": true,
      "requires": {
        "cross-fetch": "2.2.3",
        "promise-polyfill": "7.1.2"
      }
    },
    "node-fetch": {
      "version": "2.1.2",
      "resolved": "http://registry.npmjs.org/node-fetch/-/node-fetch-2.1.2.tgz",
      "integrity": "sha1-q4hOjn5X44qUR1POxwb3iNF2i7U=",
      "dev": true
    },
    "promise-polyfill": {
      "version": "7.1.2",
      "resolved": "https://registry.npmjs.org/promise-polyfill/-/promise-polyfill-7.1.2.tgz",
      "integrity": "sha512-FuEc12/eKqqoRYIGBrUptCBRhobL19PS2U31vMNTfyck1FxPyMfgsXyW4Mav85y/ZN1hop3hOwRlUDok23oYfQ==",
      "dev": true
    },
    "whatwg-fetch": {
      "version": "2.0.4",
      "resolved": "http://registry.npmjs.org/whatwg-fetch/-/whatwg-fetch-2.0.4.tgz",
      "integrity": "sha512-dcQ1GWpOD/eEQ97k66aiEVpNnapVj90/+R+SXTPYGHpYBBypfKJEQjLrvMZ7YXbKm21gXd4NcuxUTjiv1YtLng==",
      "dev": true
    }
  }
}
